
Microsoft Visual Studio Solution File, Format Version 12.00
# Visual Studio Version 16
VisualStudioVersion = 16.0.31624.102
MinimumVisualStudioVersion = 10.0.40219.1
Project("{9A19103F-16F7-4668-BE54-9A1E7A4F7556}") = "TestJob", "TestJob\TestJob.csproj", "{DE11DBC0-1490-49B8-A927-5BFD4E0B3C8A}"
EndProject
Project("{9A19103F-16F7-4668-BE54-9A1E7A4F7556}") = "TestAlgorithm", "UnitTestProject1\TestAlgorithm.csproj", "{C095E0A5-5A23-4540-8DDD-5AFE4E1DE9F3}"
EndProject
Global
	GlobalSection(SolutionConfigurationPlatforms) = preSolution
		Debug|Any CPU = Debug|Any CPU
		Release|Any CPU = Release|Any CPU
	EndGlobalSection
	GlobalSection(ProjectConfigurationPlatforms) = postSolution
		{DE11DBC0-1490-49B8-A927-5BFD4E0B3C8A}.Debug|Any CPU.ActiveCfg = Debug|Any CPU
		{DE11DBC0-1490-49B8-A927-5BFD4E0B3C8A}.Debug|Any CPU.Build.0 = Debug|Any CPU
		{DE11DBC0-1490-49B8-A927-5BFD4E0B3C8A}.Release|Any CPU.ActiveCfg = Release|Any CPU
		{DE11DBC0-1490-49B8-A927-5BFD4E0B3C8A}.Release|Any CPU.Build.0 = Release|Any CPU
		{C095E0A5-5A23-4540-8DDD-5AFE4E1DE9F3}.Debug|Any CPU.ActiveCfg = Debug|Any CPU
		{C095E0A5-5A23-4540-8DDD-5AFE4E1DE9F3}.Debug|Any CPU.Build.0 = Debug|Any CPU
		{C095E0A5-5A23-4540-8DDD-5AFE4E1DE9F3}.Release|Any CPU.ActiveCfg = Release|Any CPU
		{C095E0A5-5A23-4540-8DDD-5AFE4E1DE9F3}.Release|Any CPU.Build.0 = Release|Any CPU
	EndGlobalSection
	GlobalSection(SolutionProperties) = preSolution
		HideSolutionNode = FALSE
	EndGlobalSection
	GlobalSection(ExtensibilityGlobals) = postSolution
		SolutionGuid = {830E6B8D-13C9-4DDA-A8A6-5012222A1403}
	EndGlobalSection
EndGlobal
